
Microsoft Visual Studio Solution File, Format Version 12.00
# Visual Studio Version 17
VisualStudioVersion = 17.5.002.0
MinimumVisualStudioVersion = 10.0.40219.1
Project("{9A19103F-16F7-4668-BE54-9A1E7A4F7556}") = "Pharmacy", "Pharmacy.csproj", "{F4A262D8-9D7B-4B24-BA3F-18B71C4CD800}"
EndProject
Global
	GlobalSection(SolutionConfigurationPlatforms) = preSolution
		Debug|Any CPU = Debug|Any CPU
		Release|Any CPU = Release|Any CPU
	EndGlobalSection
	GlobalSection(ProjectConfigurationPlatforms) = postSolution
		{F4A262D8-9D7B-4B24-BA3F-18B71C4CD800}.Debug|Any CPU.ActiveCfg = Debug|Any CPU
		{F4A262D8-9D7B-4B24-BA3F-18B71C4CD800}.Debug|Any CPU.Build.0 = Debug|Any CPU
		{F4A262D8-9D7B-4B24-BA3F-18B71C4CD800}.Release|Any CPU.ActiveCfg = Release|Any CPU
		{F4A262D8-9D7B-4B24-BA3F-18B71C4CD800}.Release|Any CPU.Build.0 = Release|Any CPU
	EndGlobalSection
	GlobalSection(SolutionProperties) = preSolution
		HideSolutionNode = FALSE
	EndGlobalSection
	GlobalSection(ExtensibilityGlobals) = postSolution
		SolutionGuid = {3213844D-EC49-4F15-95F6-F08633FFB540}
	EndGlobalSection
EndGlobal
